// !$*UTF8*$!
{
	archiveVersion = 1;
	classes = {
	};
	objectVersion = 46;
	objects = {

/* Begin PBXBuildFile section */
		EE3FE26C1EE2925B00B687F3 /* AppDelegate.swift in Sources */ = {isa = PBXBuildFile; fileRef = EE3FE26B1EE2925B00B687F3 /* AppDelegate.swift */; };
		EE3FE26E1EE2925B00B687F3 /* ViewController.swift in Sources */ = {isa = PBXBuildFile; fileRef = EE3FE26D1EE2925B00B687F3 /* ViewController.swift */; };
		EE3FE2711EE2925B00B687F3 /* Main.storyboard in Resources */ = {isa = PBXBuildFile; fileRef = EE3FE26F1EE2925B00B687F3 /* Main.storyboard */; };
		EE3FE2731EE2925B00B687F3 /* Assets.xcassets in Resources */ = {isa = PBXBuildFile; fileRef = EE3FE2721EE2925B00B687F3 /* Assets.xcassets */; };
		EE3FE2761EE2925B00B687F3 /* LaunchScreen.storyboard in Resources */ = {isa = PBXBuildFile; fileRef = EE3FE2741EE2925B00B687F3 /* LaunchScreen.storyboard */; };
		EE3FE27F1EE295AE00B687F3 /* UserDefaults.swift in Sources */ = {isa = PBXBuildFile; fileRef = EE3FE27E1EE295AE00B687F3 /* UserDefaults.swift */; };
		EE3FE2821EE2A9B600B687F3 /* Review.swift in Sources */ = {isa = PBXBuildFile; fileRef = EE3FE2811EE2A9B600B687F3 /* Review.swift */; };
/* End PBXBuildFile section */

/* Begin PBXFileReference section */
		EE3FE2681EE2925B00B687F3 /* Demo_SKStoreReview.app */ = {isa = PBXFileReference; explicitFileType = wrapper.application; includeInIndex = 0; path = Demo_SKStoreReview.app; sourceTree = BUILT_PRODUCTS_DIR; };
		EE3FE26B1EE2925B00B687F3 /* AppDelegate.swift */ = {isa = PBXFileReference; lastKnownFileType = sourcecode.swift; path = AppDelegate.swift; sourceTree = "<group>"; };
		EE3FE26D1EE2925B00B687F3 /* ViewController.swift */ = {isa = PBXFileReference; lastKnownFileType = sourcecode.swift; path = ViewController.swift; sourceTree = "<group>"; };
		EE3FE2701EE2925B00B687F3 /* Base */ = {isa = PBXFileReference; lastKnownFileType = file.storyboard; name = Base; path = Base.lproj/Main.storyboard; sourceTree = "<group>"; };
		EE3FE2721EE2925B00B687F3 /* Assets.xcassets */ = {isa = PBXFileReference; lastKnownFileType = folder.assetcatalog; path = Assets.xcassets; sourceTree = "<group>"; };
		EE3FE2751EE2925B00B687F3 /* Base */ = {isa = PBXFileReference; lastKnownFileType = file.storyboard; name = Base; path = Base.lproj/LaunchScreen.storyboard; sourceTree = "<group>"; };
		EE3FE2771EE2925B00B687F3 /* Info.plist */ = {isa = PBXFileReference; lastKnownFileType = text.plist.xml; path = Info.plist; sourceTree = "<group>"; };
		EE3FE27E1EE295AE00B687F3 /* UserDefaults.swift */ = {isa = PBXFileReference; fileEncoding = 4; lastKnownFileType = sourcecode.swift; path = UserDefaults.swift; sourceTree = "<group>"; };
		EE3FE2811EE2A9B600B687F3 /* Review.swift */ = {isa = PBXFileReference; fileEncoding = 4; lastKnownFileType = sourcecode.swift; path = Review.swift; sourceTree = "<group>"; };
/* End PBXFileReference section */

/* Begin PBXFrameworksBuildPhase section */
		EE3FE2651EE2925B00B687F3 /* Frameworks */ = {
			isa = PBXFrameworksBuildPhase;
			buildActionMask = 2147483647;
			files = (
			);
			runOnlyForDeploymentPostprocessing = 0;
		};
/* End PBXFrameworksBuildPhase section */

/* Begin PBXGroup section */
		EE3FE25F1EE2925A00B687F3 = {
			isa = PBXGroup;
			children = (
				EE3FE26A1EE2925B00B687F3 /* Demo_SKStoreReview */,
				EE3FE2691EE2925B00B687F3 /* Products */,
			);
			sourceTree = "<group>";
		};
		EE3FE2691EE2925B00B687F3 /* Products */ = {
			isa = PBXGroup;
			children = (
				EE3FE2681EE2925B00B687F3 /* Demo_SKStoreReview.app */,
			);
			name = Products;
			sourceTree = "<group>";
		};
		EE3FE26A1EE2925B00B687F3 /* Demo_SKStoreReview */ = {
			isa = PBXGroup;
			children = (
				EE3FE2801EE2A99900B687F3 /* Activity */,
				EE3FE27D1EE295A700B687F3 /* Utilities */,
				EE3FE26B1EE2925B00B687F3 /* AppDelegate.swift */,
				EE3FE26D1EE2925B00B687F3 /* ViewController.swift */,
				EE3FE26F1EE2925B00B687F3 /* Main.storyboard */,
				EE3FE2721EE2925B00B687F3 /* Assets.xcassets */,
				EE3FE2741EE2925B00B687F3 /* LaunchScreen.storyboard */,
				EE3FE2771EE2925B00B687F3 /* Info.plist */,
			);
			path = Demo_SKStoreReview;
			sourceTree = "<group>";
		};
		EE3FE27D1EE295A700B687F3 /* Utilities */ = {
			isa = PBXGroup;
			children = (
				EE3FE27E1EE295AE00B687F3 /* UserDefaults.swift */,
			);
			path = Utilities;
			sourceTree = "<group>";
		};
		EE3FE2801EE2A99900B687F3 /* Activity */ = {
			isa = PBXGroup;
			children = (
				EE3FE2811EE2A9B600B687F3 /* Review.swift */,
			);
			path = Activity;
			sourceTree = "<group>";
		};
/* End PBXGroup section */

/* Begin PBXNativeTarget section */
		EE3FE2671EE2925B00B687F3 /* Demo_SKStoreReview */ = {
			isa = PBXNativeTarget;
			buildConfigurationList = EE3FE27A1EE2925B00B687F3 /* Build configuration list for PBXNativeTarget "Demo_SKStoreReview" */;
			buildPhases = (
				EE3FE2641EE2925B00B687F3 /* Sources */,
				EE3FE2651EE2925B00B687F3 /* Frameworks */,
				EE3FE2661EE2925B00B687F3 /* Resources */,
			);
			buildRules = (
			);
			dependencies = (
			);
			name = Demo_SKStoreReview;
			productName = Demo_SKStoreReview;
			productReference = EE3FE2681EE2925B00B687F3 /* Demo_SKStoreReview.app */;
			productType = "com.apple.product-type.application";
		};
/* End PBXNativeTarget section */

/* Begin PBXProject section */
		EE3FE2601EE2925B00B687F3 /* Project object */ = {
			isa = PBXProject;
			attributes = {
				LastSwiftUpdateCheck = 0830;
				LastUpgradeCheck = 0830;
				ORGANIZATIONNAME = "Suwat Saegauy";
				TargetAttributes = {
					EE3FE2671EE2925B00B687F3 = {
						CreatedOnToolsVersion = 8.3.2;
						DevelopmentTeam = D3U47GAWCD;
						ProvisioningStyle = Automatic;
					};
				};
			};
			buildConfigurationList = EE3FE2631EE2925B00B687F3 /* Build configuration list for PBXProject "Demo_SKStoreReview" */;
			compatibilityVersion = "Xcode 3.2";
			developmentRegion = English;
			hasScannedForEncodings = 0;
			knownRegions = (
				en,
				Base,
			);
			mainGroup = EE3FE25F1EE2925A00B687F3;
			productRefGroup = EE3FE2691EE2925B00B687F3 /* Products */;
			projectDirPath = "";
			projectRoot = "";
			targets = (
				EE3FE2671EE2925B00B687F3 /* Demo_SKStoreReview */,
			);
		};
/* End PBXProject section */

/* Begin PBXResourcesBuildPhase section */
		EE3FE2661EE2925B00B687F3 /* Resources */ = {
			isa = PBXResourcesBuildPhase;
			buildActionMask = 2147483647;
			files = (
				EE3FE2761EE2925B00B687F3 /* LaunchScreen.storyboard in Resources */,
				EE3FE2731EE2925B00B687F3 /* Assets.xcassets in Resources */,
				EE3FE2711EE2925B00B687F3 /* Main.storyboard in Resources */,
			);
			runOnlyForDeploymentPostprocessing = 0;
		};
/* End PBXResourcesBuildPhase section */

/* Begin PBXSourcesBuildPhase section */
		EE3FE2641EE2925B00B687F3 /* Sources */ = {
			isa = PBXSourcesBuildPhase;
			buildActionMask = 2147483647;
			files = (
				EE3FE26E1EE2925B00B687F3 /* ViewController.swift in Sources */,
				EE3FE2821EE2A9B600B687F3 /* Review.swift in Sources */,
				EE3FE26C1EE2925B00B687F3 /* AppDelegate.swift in Sources */,
				EE3FE27F1EE295AE00B687F3 /* UserDefaults.swift in Sources */,
			);
			runOnlyForDeploymentPostprocessing = 0;
		};
/* End PBXSourcesBuildPhase section */

/* Begin PBXVariantGroup section */
		EE3FE26F1EE2925B00B687F3 /* Main.storyboard */ = {
			isa = PBXVariantGroup;
			children = (
				EE3FE2701EE2925B00B687F3 /* Base */,
			);
			name = Main.storyboard;
			sourceTree = "<group>";
		};
		EE3FE2741EE2925B00B687F3 /* LaunchScreen.storyboard */ = {
			isa = PBXVariantGroup;
			children = (
				EE3FE2751EE2925B00B687F3 /* Base */,
			);
			name = LaunchScreen.storyboard;
			sourceTree = "<group>";
		};
/* End PBXVariantGroup section */

/* Begin XCBuildConfiguration section */
		EE3FE2781EE2925B00B687F3 /* Debug */ = {
			isa = XCBuildConfiguration;
			buildSettings = {
				ALWAYS_SEARCH_USER_PATHS = NO;
				CLANG_ANALYZER_NONNULL = YES;
				CLANG_ANALYZER_NUMBER_OBJECT_CONVERSION = YES_AGGRESSIVE;
				CLANG_CXX_LANGUAGE_STANDARD = "gnu++0x";
				CLANG_CXX_LIBRARY = "libc++";
				CLANG_ENABLE_MODULES = YES;
				CLANG_ENABLE_OBJC_ARC = YES;
				CLANG_WARN_BOOL_CONVERSION = YES;
				CLANG_WARN_CONSTANT_CONVERSION = YES;
				CLANG_WARN_DIRECT_OBJC_ISA_USAGE = YES_ERROR;
				CLANG_WARN_DOCUMENTATION_COMMENTS = YES;
				CLANG_WARN_EMPTY_BODY = YES;
				CLANG_WARN_ENUM_CONVERSION = YES;
				CLANG_WARN_INFINITE_RECURSION = YES;
				CLANG_WARN_INT_CONVERSION = YES;
				CLANG_WARN_OBJC_ROOT_CLASS = YES_ERROR;
				CLANG_WARN_SUSPICIOUS_MOVE = YES;
				CLANG_WARN_UNREACHABLE_CODE = YES;
				CLANG_WARN__DUPLICATE_METHOD_MATCH = YES;
				"CODE_SIGN_IDENTITY[sdk=iphoneos*]" = "iPhone Developer";
				COPY_PHASE_STRIP = NO;
				DEBUG_INFORMATION_FORMAT = dwarf;
				ENABLE_STRICT_OBJC_MSGSEND = YES;
				ENABLE_TESTABILITY = YES;
				GCC_C_LANGUAGE_STANDARD = gnu99;
				GCC_DYNAMIC_NO_PIC = NO;
				GCC_NO_COMMON_BLOCKS = YES;
				GCC_OPTIMIZATION_LEVEL = 0;
				GCC_PREPROCESSOR_DEFINITIONS = (
					"DEBUG=1",
					"$(inherited)",
				);
				GCC_WARN_64_TO_32_BIT_CONVERSION = YES;
				GCC_WARN_ABOUT_RETURN_TYPE = YES_ERROR;
				GCC_WARN_UNDECLARED_SELECTOR = YES;
				GCC_WARN_UNINITIALIZED_AUTOS = YES_AGGRESSIVE;
				GCC_WARN_UNUSED_FUNCTION = YES;
				GCC_WARN_UNUSED_VARIABLE = YES;
				IPHONEOS_DEPLOYMENT_TARGET = 9.0;
				MTL_ENABLE_DEBUG_INFO = YES;
				ONLY_ACTIVE_ARCH = YES;
				SDKROOT = iphoneos;
				SWIFT_ACTIVE_COMPILATION_CONDITIONS = DEBUG;
				SWIFT_OPTIMIZATION_LEVEL = "-Onone";
				TARGETED_DEVICE_FAMILY = "1,2";
			};
			name = Debug;
		};
		EE3FE2791EE2925B00B687F3 /* Release */ = {
			isa = XCBuildConfiguration;
			buildSettings = {
				ALWAYS_SEARCH_USER_PATHS = NO;
				CLANG_ANALYZER_NONNULL = YES;
				CLANG_ANALYZER_NUMBER_OBJECT_CONVERSION = YES_AGGRESSIVE;
				CLANG_CXX_LANGUAGE_STANDARD = "gnu++0x";
				CLANG_CXX_LIBRARY = "libc++";
				CLANG_ENABLE_MODULES = YES;
				CLANG_ENABLE_OBJC_ARC = YES;
				CLANG_WARN_BOOL_CONVERSION = YES;
				CLANG_WARN_CONSTANT_CONVERSION = YES;
				CLANG_WARN_DIRECT_OBJC_ISA_USAGE = YES_ERROR;
				CLANG_WARN_DOCUMENTATION_COMMENTS = YES;
				CLANG_WARN_EMPTY_BODY = YES;
				CLANG_WARN_ENUM_CONVERSION = YES;
				CLANG_WARN_INFINITE_RECURSION = YES;
				CLANG_WARN_INT_CONVERSION = YES;
				CLANG_WARN_OBJC_ROOT_CLASS = YES_ERROR;
				CLANG_WARN_SUSPICIOUS_MOVE = YES;
				CLANG_WARN_UNREACHABLE_CODE = YES;
				CLANG_WARN__DUPLICATE_METHOD_MATCH = YES;
				"CODE_SIGN_IDENTITY[sdk=iphoneos*]" = "iPhone Developer";
				COPY_PHASE_STRIP = NO;
				DEBUG_INFORMATION_FORMAT = "dwarf-with-dsym";
				ENABLE_NS_ASSERTIONS = NO;
				ENABLE_STRICT_OBJC_MSGSEND = YES;
				GCC_C_LANGUAGE_STANDARD = gnu99;
				GCC_NO_COMMON_BLOCKS = YES;
				GCC_WARN_64_TO_32_BIT_CONVERSION = YES;
				GCC_WARN_ABOUT_RETURN_TYPE = YES_ERROR;
				GCC_WARN_UNDECLARED_SELECTOR = YES;
				GCC_WARN_UNINITIALIZED_AUTOS = YES_AGGRESSIVE;
				GCC_WARN_UNUSED_FUNCTION = YES;
				GCC_WARN_UNUSED_VARIABLE = YES;
				IPHONEOS_DEPLOYMENT_TARGET = 9.0;
				MTL_ENABLE_DEBUG_INFO = NO;
				SDKROOT = iphoneos;
				SWIFT_OPTIMIZATION_LEVEL = "-Owholemodule";
				TARGETED_DEVICE_FAMILY = "1,2";
				VALIDATE_PRODUCT = YES;
			};
			name = Release;
		};
		EE3FE27B1EE2925B00B687F3 /* Debug */ = {
			isa = XCBuildConfiguration;
			buildSettings = {
				ASSETCATALOG_COMPILER_APPICON_NAME = AppIcon;
				DEVELOPMENT_TEAM = D3U47GAWCD;
				INFOPLIST_FILE = Demo_SKStoreReview/Info.plist;
				IPHONEOS_DEPLOYMENT_TARGET = 9.0;
				LD_RUNPATH_SEARCH_PATHS = "$(inherited) @executable_path/Frameworks";
				PRODUCT_BUNDLE_IDENTIFIER = "com.demo.Demo-SKStoreReview";
				PRODUCT_NAME = "$(TARGET_NAME)";
				SWIFT_VERSION = 3.0;
			};
			name = Debug;
		};
		EE3FE27C1EE2925B00B687F3 /* Release */ = {
			isa = XCBuildConfiguration;
			buildSettings = {
				ASSETCATALOG_COMPILER_APPICON_NAME = AppIcon;
				DEVELOPMENT_TEAM = D3U47GAWCD;
				INFOPLIST_FILE = Demo_SKStoreReview/Info.plist;
				IPHONEOS_DEPLOYMENT_TARGET = 9.0;
				LD_RUNPATH_SEARCH_PATHS = "$(inherited) @executable_path/Frameworks";
				PRODUCT_BUNDLE_IDENTIFIER = "com.demo.Demo-SKStoreReview";
				PRODUCT_NAME = "$(TARGET_NAME)";
				SWIFT_VERSION = 3.0;
			};
			name = Release;
		};
/* End XCBuildConfiguration section */

/* Begin XCConfigurationList section */
		EE3FE2631EE2925B00B687F3 /* Build configuration list for PBXProject "Demo_SKStoreReview" */ = {
			isa = XCConfigurationList;
			buildConfigurations = (
				EE3FE2781EE2925B00B687F3 /* Debug */,
				EE3FE2791EE2925B00B687F3 /* Release */,
			);
			defaultConfigurationIsVisible = 0;
			defaultConfigurationName = Release;
		};
		EE3FE27A1EE2925B00B687F3 /* Build configuration list for PBXNativeTarget "Demo_SKStoreReview" */ = {
			isa = XCConfigurationList;
			buildConfigurations = (
				EE3FE27B1EE2925B00B687F3 /* Debug */,
				EE3FE27C1EE2925B00B687F3 /* Release */,
			);
			defaultConfigurationIsVisible = 0;
		};
/* End XCConfigurationList section */
	};
	rootObject = EE3FE2601EE2925B00B687F3 /* Project object */;
}
